
Microsoft Visual Studio Solution File, Format Version 12.00
# Visual Studio Version 17
Project("{8BC9CEB8-8B4A-11D0-8D11-00A0C91BC942}") = "ALL_BUILD", "ALL_BUILD.vcxproj", "{EBD0C47D-EB3B-33A3-8FF2-9648ACD3DC01}"
	ProjectSection(ProjectDependencies) = postProject
		{97EC94B8-8698-33DC-BF3E-231FE92458BE} = {97EC94B8-8698-33DC-BF3E-231FE92458BE}
		{EF3EBDCC-D438-32E0-97CD-8F39C3FE838E} = {EF3EBDCC-D438-32E0-97CD-8F39C3FE838E}
		{A1353EAF-BD43-33E5-BC05-940639BD4320} = {A1353EAF-BD43-33E5-BC05-940639BD4320}
		{EE4DAB2B-D4AA-3770-B10E-53458865F54F} = {EE4DAB2B-D4AA-3770-B10E-53458865F54F}
		{45B0A4D5-7BA4-3793-B5D6-D51E59EC22A4} = {45B0A4D5-7BA4-3793-B5D6-D51E59EC22A4}
		{8CCDDB5B-E6CC-3814-BA6A-39F1006D5F25} = {8CCDDB5B-E6CC-3814-BA6A-39F1006D5F25}
		{F10D1007-E4DE-32FE-A361-F8F950141554} = {F10D1007-E4DE-32FE-A361-F8F950141554}
		{86E97AFD-06E4-383D-8693-D50B6DE6EA1E} = {86E97AFD-06E4-383D-8693-D50B6DE6EA1E}
		{CDA521E9-FCC4-31C9-B487-B84E2285A8BD} = {CDA521E9-FCC4-31C9-B487-B84E2285A8BD}
		{7457F9EE-FACD-3FF4-BD45-8C29929C1486} = {7457F9EE-FACD-3FF4-BD45-8C29929C1486}
		{1DC82F0A-3919-3D49-9F66-A5CD972BA40B} = {1DC82F0A-3919-3D49-9F66-A5CD972BA40B}
		{A6268468-44A5-33E7-8775-030632DB49A3} = {A6268468-44A5-33E7-8775-030632DB49A3}
		{8783D927-A70D-3C01-91E8-46A86B97C095} = {8783D927-A70D-3C01-91E8-46A86B97C095}
		{38EC1904-01B7-33A3-88F0-48F451306896} = {38EC1904-01B7-33A3-88F0-48F451306896}
		{2CB54667-D4F5-36E6-860B-A3583FEFAB73} = {2CB54667-D4F5-36E6-860B-A3583FEFAB73}
		{C98962D7-D534-3717-A172-12BEF30F3442} = {C98962D7-D534-3717-A172-12BEF30F3442}
		{B15B4966-3966-331B-A4BD-9C838E658ECD} = {B15B4966-3966-331B-A4BD-9C838E658ECD}
		{C4D6B02E-6B7C-3D50-87E1-0F160B507C1E} = {C4D6B02E-6B7C-3D50-87E1-0F160B507C1E}
		{45D7CE3A-7F09-37D4-9A7C-B0C995931FEA} = {45D7CE3A-7F09-37D4-9A7C-B0C995931FEA}
		{9986A161-D64B-3315-8FBC-3C05DA73EF6D} = {9986A161-D64B-3315-8FBC-3C05DA73EF6D}
		{B72D1227-C028-3E4C-A61D-39E1CA36B26D} = {B72D1227-C028-3E4C-A61D-39E1CA36B26D}
		{A9A8E70F-AD25-3EFA-A706-D6CF4319D904} = {A9A8E70F-AD25-3EFA-A706-D6CF4319D904}
		{1D013776-26B4-3ACE-ADF1-360D50AFD6A5} = {1D013776-26B4-3ACE-ADF1-360D50AFD6A5}
		{53585458-40EB-34F4-AB88-D85D8C80683C} = {53585458-40EB-34F4-AB88-D85D8C80683C}
		{655F4767-3B87-3041-B00B-87CFC9412309} = {655F4767-3B87-3041-B00B-87CFC9412309}
		{A2282AAB-6A20-3D37-A494-8AEC3DF78339} = {A2282AAB-6A20-3D37-A494-8AEC3DF78339}
		{41C0F90C-9760-3169-A95D-A3D7CA09F8A5} = {41C0F90C-9760-3169-A95D-A3D7CA09F8A5}
		{079A0171-0943-3A54-8613-433BB856B379} = {079A0171-0943-3A54-8613-433BB856B379}
		{4784A092-B73B-31EC-93FE-0F861365859C} = {4784A092-B73B-31EC-93FE-0F861365859C}
		{8A0B0297-12BB-31A9-8459-7B821D85EA1E} = {8A0B0297-12BB-31A9-8459-7B821D85EA1E}
		{6257A54A-012D-331C-B860-17C251B58B6F} = {6257A54A-012D-331C-B860-17C251B58B6F}
	EndProjectSection
EndProject
Project("{8BC9CEB8-8B4A-11D0-8D11-00A0C91BC942}") = "INSTALL", "INSTALL.vcxproj", "{04969A48-F7D5-3718-BC15-4FF44E6217AA}"
	ProjectSection(ProjectDependencies) = postProject
		{EBD0C47D-EB3B-33A3-8FF2-9648ACD3DC01} = {EBD0C47D-EB3B-33A3-8FF2-9648ACD3DC01}
		{97EC94B8-8698-33DC-BF3E-231FE92458BE} = {97EC94B8-8698-33DC-BF3E-231FE92458BE}
	EndProjectSection
EndProject
Project("{8BC9CEB8-8B4A-11D0-8D11-00A0C91BC942}") = "RUN_TESTS", "RUN_TESTS.vcxproj", "{B439C98E-1446-3C2A-AA5B-D35500E21376}"
	ProjectSection(ProjectDependencies) = postProject
		{97EC94B8-8698-33DC-BF3E-231FE92458BE} = {97EC94B8-8698-33DC-BF3E-231FE92458BE}
	EndProjectSection
EndProject
Project("{8BC9CEB8-8B4A-11D0-8D11-00A0C91BC942}") = "ZERO_CHECK", "ZERO_CHECK.vcxproj", "{97EC94B8-8698-33DC-BF3E-231FE92458BE}"
	ProjectSection(ProjectDependencies) = postProject
	EndProjectSection
EndProject
Project("{8BC9CEB8-8B4A-11D0-8D11-00A0C91BC942}") = "addtiffo", "contrib\addtiffo\addtiffo.vcxproj", "{EF3EBDCC-D438-32E0-97CD-8F39C3FE838E}"
	ProjectSection(ProjectDependencies) = postProject
		{97EC94B8-8698-33DC-BF3E-231FE92458BE} = {97EC94B8-8698-33DC-BF3E-231FE92458BE}
		{45D7CE3A-7F09-37D4-9A7C-B0C995931FEA} = {45D7CE3A-7F09-37D4-9A7C-B0C995931FEA}
		{655F4767-3B87-3041-B00B-87CFC9412309} = {655F4767-3B87-3041-B00B-87CFC9412309}
	EndProjectSection
EndProject
Project("{8BC9CEB8-8B4A-11D0-8D11-00A0C91BC942}") = "ascii_tag", "test\ascii_tag.vcxproj", "{A1353EAF-BD43-33E5-BC05-940639BD4320}"
	ProjectSection(ProjectDependencies) = postProject
		{97EC94B8-8698-33DC-BF3E-231FE92458BE} = {97EC94B8-8698-33DC-BF3E-231FE92458BE}
		{45D7CE3A-7F09-37D4-9A7C-B0C995931FEA} = {45D7CE3A-7F09-37D4-9A7C-B0C995931FEA}
		{655F4767-3B87-3041-B00B-87CFC9412309} = {655F4767-3B87-3041-B00B-87CFC9412309}
	EndProjectSection
EndProject
Project("{8BC9CEB8-8B4A-11D0-8D11-00A0C91BC942}") = "custom_dir", "test\custom_dir.vcxproj", "{EE4DAB2B-D4AA-3770-B10E-53458865F54F}"
	ProjectSection(ProjectDependencies) = postProject
		{97EC94B8-8698-33DC-BF3E-231FE92458BE} = {97EC94B8-8698-33DC-BF3E-231FE92458BE}
		{45D7CE3A-7F09-37D4-9A7C-B0C995931FEA} = {45D7CE3A-7F09-37D4-9A7C-B0C995931FEA}
		{655F4767-3B87-3041-B00B-87CFC9412309} = {655F4767-3B87-3041-B00B-87CFC9412309}
	EndProjectSection
EndProject
Project("{8BC9CEB8-8B4A-11D0-8D11-00A0C91BC942}") = "custom_dir_EXIF_231", "test\custom_dir_EXIF_231.vcxproj", "{45B0A4D5-7BA4-3793-B5D6-D51E59EC22A4}"
	ProjectSection(ProjectDependencies) = postProject
		{97EC94B8-8698-33DC-BF3E-231FE92458BE} = {97EC94B8-8698-33DC-BF3E-231FE92458BE}
		{45D7CE3A-7F09-37D4-9A7C-B0C995931FEA} = {45D7CE3A-7F09-37D4-9A7C-B0C995931FEA}
		{655F4767-3B87-3041-B00B-87CFC9412309} = {655F4767-3B87-3041-B00B-87CFC9412309}
	EndProjectSection
EndProject
Project("{8BC9CEB8-8B4A-11D0-8D11-00A0C91BC942}") = "defer_strile_loading", "test\defer_strile_loading.vcxproj", "{8CCDDB5B-E6CC-3814-BA6A-39F1006D5F25}"
	ProjectSection(ProjectDependencies) = postProject
		{97EC94B8-8698-33DC-BF3E-231FE92458BE} = {97EC94B8-8698-33DC-BF3E-231FE92458BE}
		{45D7CE3A-7F09-37D4-9A7C-B0C995931FEA} = {45D7CE3A-7F09-37D4-9A7C-B0C995931FEA}
		{655F4767-3B87-3041-B00B-87CFC9412309} = {655F4767-3B87-3041-B00B-87CFC9412309}
	EndProjectSection
EndProject
Project("{8BC9CEB8-8B4A-11D0-8D11-00A0C91BC942}") = "defer_strile_writing", "test\defer_strile_writing.vcxproj", "{F10D1007-E4DE-32FE-A361-F8F950141554}"
	ProjectSection(ProjectDependencies) = postProject
		{97EC94B8-8698-33DC-BF3E-231FE92458BE} = {97EC94B8-8698-33DC-BF3E-231FE92458BE}
		{45D7CE3A-7F09-37D4-9A7C-B0C995931FEA} = {45D7CE3A-7F09-37D4-9A7C-B0C995931FEA}
		{655F4767-3B87-3041-B00B-87CFC9412309} = {655F4767-3B87-3041-B00B-87CFC9412309}
	EndProjectSection
EndProject
Project("{8BC9CEB8-8B4A-11D0-8D11-00A0C91BC942}") = "iptcutil", "contrib\iptcutil\iptcutil.vcxproj", "{86E97AFD-06E4-383D-8693-D50B6DE6EA1E}"
	ProjectSection(ProjectDependencies) = postProject
		{97EC94B8-8698-33DC-BF3E-231FE92458BE} = {97EC94B8-8698-33DC-BF3E-231FE92458BE}
		{45D7CE3A-7F09-37D4-9A7C-B0C995931FEA} = {45D7CE3A-7F09-37D4-9A7C-B0C995931FEA}
		{655F4767-3B87-3041-B00B-87CFC9412309} = {655F4767-3B87-3041-B00B-87CFC9412309}
	EndProjectSection
EndProject
Project("{8BC9CEB8-8B4A-11D0-8D11-00A0C91BC942}") = "long_tag", "test\long_tag.vcxproj", "{CDA521E9-FCC4-31C9-B487-B84E2285A8BD}"
	ProjectSection(ProjectDependencies) = postProject
		{97EC94B8-8698-33DC-BF3E-231FE92458BE} = {97EC94B8-8698-33DC-BF3E-231FE92458BE}
		{45D7CE3A-7F09-37D4-9A7C-B0C995931FEA} = {45D7CE3A-7F09-37D4-9A7C-B0C995931FEA}
		{655F4767-3B87-3041-B00B-87CFC9412309} = {655F4767-3B87-3041-B00B-87CFC9412309}
	EndProjectSection
EndProject
Project("{8BC9CEB8-8B4A-11D0-8D11-00A0C91BC942}") = "rewrite", "test\rewrite.vcxproj", "{7457F9EE-FACD-3FF4-BD45-8C29929C1486}"
	ProjectSection(ProjectDependencies) = postProject
		{97EC94B8-8698-33DC-BF3E-231FE92458BE} = {97EC94B8-8698-33DC-BF3E-231FE92458BE}
		{45D7CE3A-7F09-37D4-9A7C-B0C995931FEA} = {45D7CE3A-7F09-37D4-9A7C-B0C995931FEA}
		{655F4767-3B87-3041-B00B-87CFC9412309} = {655F4767-3B87-3041-B00B-87CFC9412309}
	EndProjectSection
EndProject
Project("{8BC9CEB8-8B4A-11D0-8D11-00A0C91BC942}") = "short_tag", "test\short_tag.vcxproj", "{1DC82F0A-3919-3D49-9F66-A5CD972BA40B}"
	ProjectSection(ProjectDependencies) = postProject
		{97EC94B8-8698-33DC-BF3E-231FE92458BE} = {97EC94B8-8698-33DC-BF3E-231FE92458BE}
		{45D7CE3A-7F09-37D4-9A7C-B0C995931FEA} = {45D7CE3A-7F09-37D4-9A7C-B0C995931FEA}
		{655F4767-3B87-3041-B00B-87CFC9412309} = {655F4767-3B87-3041-B00B-87CFC9412309}
	EndProjectSection
EndProject
Project("{8BC9CEB8-8B4A-11D0-8D11-00A0C91BC942}") = "strip_rw", "test\strip_rw.vcxproj", "{A6268468-44A5-33E7-8775-030632DB49A3}"
	ProjectSection(ProjectDependencies) = postProject
		{97EC94B8-8698-33DC-BF3E-231FE92458BE} = {97EC94B8-8698-33DC-BF3E-231FE92458BE}
		{45D7CE3A-7F09-37D4-9A7C-B0C995931FEA} = {45D7CE3A-7F09-37D4-9A7C-B0C995931FEA}
		{655F4767-3B87-3041-B00B-87CFC9412309} = {655F4767-3B87-3041-B00B-87CFC9412309}
	EndProjectSection
EndProject
Project("{8BC9CEB8-8B4A-11D0-8D11-00A0C91BC942}") = "test_append_to_strip", "test\test_append_to_strip.vcxproj", "{8783D927-A70D-3C01-91E8-46A86B97C095}"
	ProjectSection(ProjectDependencies) = postProject
		{97EC94B8-8698-33DC-BF3E-231FE92458BE} = {97EC94B8-8698-33DC-BF3E-231FE92458BE}
		{45D7CE3A-7F09-37D4-9A7C-B0C995931FEA} = {45D7CE3A-7F09-37D4-9A7C-B0C995931FEA}
		{655F4767-3B87-3041-B00B-87CFC9412309} = {655F4767-3B87-3041-B00B-87CFC9412309}
	EndProjectSection
EndProject
Project("{8BC9CEB8-8B4A-11D0-8D11-00A0C91BC942}") = "test_directory", "test\test_directory.vcxproj", "{38EC1904-01B7-33A3-88F0-48F451306896}"
	ProjectSection(ProjectDependencies) = postProject
		{97EC94B8-8698-33DC-BF3E-231FE92458BE} = {97EC94B8-8698-33DC-BF3E-231FE92458BE}
		{45D7CE3A-7F09-37D4-9A7C-B0C995931FEA} = {45D7CE3A-7F09-37D4-9A7C-B0C995931FEA}
		{655F4767-3B87-3041-B00B-87CFC9412309} = {655F4767-3B87-3041-B00B-87CFC9412309}
	EndProjectSection
EndProject
Project("{8BC9CEB8-8B4A-11D0-8D11-00A0C91BC942}") = "test_ifd_loop_detection", "test\test_ifd_loop_detection.vcxproj", "{2CB54667-D4F5-36E6-860B-A3583FEFAB73}"
	ProjectSection(ProjectDependencies) = postProject
		{97EC94B8-8698-33DC-BF3E-231FE92458BE} = {97EC94B8-8698-33DC-BF3E-231FE92458BE}
		{45D7CE3A-7F09-37D4-9A7C-B0C995931FEA} = {45D7CE3A-7F09-37D4-9A7C-B0C995931FEA}
		{655F4767-3B87-3041-B00B-87CFC9412309} = {655F4767-3B87-3041-B00B-87CFC9412309}
	EndProjectSection
EndProject
Project("{8BC9CEB8-8B4A-11D0-8D11-00A0C91BC942}") = "test_open_options", "test\test_open_options.vcxproj", "{C98962D7-D534-3717-A172-12BEF30F3442}"
	ProjectSection(ProjectDependencies) = postProject
		{97EC94B8-8698-33DC-BF3E-231FE92458BE} = {97EC94B8-8698-33DC-BF3E-231FE92458BE}
		{45D7CE3A-7F09-37D4-9A7C-B0C995931FEA} = {45D7CE3A-7F09-37D4-9A7C-B0C995931FEA}
		{655F4767-3B87-3041-B00B-87CFC9412309} = {655F4767-3B87-3041-B00B-87CFC9412309}
	EndProjectSection
EndProject
Project("{8BC9CEB8-8B4A-11D0-8D11-00A0C91BC942}") = "test_signed_tags", "test\test_signed_tags.vcxproj", "{B15B4966-3966-331B-A4BD-9C838E658ECD}"
	ProjectSection(ProjectDependencies) = postProject
		{97EC94B8-8698-33DC-BF3E-231FE92458BE} = {97EC94B8-8698-33DC-BF3E-231FE92458BE}
		{45D7CE3A-7F09-37D4-9A7C-B0C995931FEA} = {45D7CE3A-7F09-37D4-9A7C-B0C995931FEA}
		{655F4767-3B87-3041-B00B-87CFC9412309} = {655F4767-3B87-3041-B00B-87CFC9412309}
	EndProjectSection
EndProject
Project("{8BC9CEB8-8B4A-11D0-8D11-00A0C91BC942}") = "testtypes", "test\testtypes.vcxproj", "{C4D6B02E-6B7C-3D50-87E1-0F160B507C1E}"
	ProjectSection(ProjectDependencies) = postProject
		{97EC94B8-8698-33DC-BF3E-231FE92458BE} = {97EC94B8-8698-33DC-BF3E-231FE92458BE}
		{45D7CE3A-7F09-37D4-9A7C-B0C995931FEA} = {45D7CE3A-7F09-37D4-9A7C-B0C995931FEA}
		{655F4767-3B87-3041-B00B-87CFC9412309} = {655F4767-3B87-3041-B00B-87CFC9412309}
	EndProjectSection
EndProject
Project("{8BC9CEB8-8B4A-11D0-8D11-00A0C91BC942}") = "tiff", "libtiff\tiff.vcxproj", "{45D7CE3A-7F09-37D4-9A7C-B0C995931FEA}"
	ProjectSection(ProjectDependencies) = postProject
		{97EC94B8-8698-33DC-BF3E-231FE92458BE} = {97EC94B8-8698-33DC-BF3E-231FE92458BE}
	EndProjectSection
EndProject
Project("{8BC9CEB8-8B4A-11D0-8D11-00A0C91BC942}") = "tiff-bi", "contrib\dbs\tiff-bi.vcxproj", "{9986A161-D64B-3315-8FBC-3C05DA73EF6D}"
	ProjectSection(ProjectDependencies) = postProject
		{97EC94B8-8698-33DC-BF3E-231FE92458BE} = {97EC94B8-8698-33DC-BF3E-231FE92458BE}
		{45D7CE3A-7F09-37D4-9A7C-B0C995931FEA} = {45D7CE3A-7F09-37D4-9A7C-B0C995931FEA}
		{655F4767-3B87-3041-B00B-87CFC9412309} = {655F4767-3B87-3041-B00B-87CFC9412309}
	EndProjectSection
EndProject
Project("{8BC9CEB8-8B4A-11D0-8D11-00A0C91BC942}") = "tiff-grayscale", "contrib\dbs\tiff-grayscale.vcxproj", "{B72D1227-C028-3E4C-A61D-39E1CA36B26D}"
	ProjectSection(ProjectDependencies) = postProject
		{97EC94B8-8698-33DC-BF3E-231FE92458BE} = {97EC94B8-8698-33DC-BF3E-231FE92458BE}
		{45D7CE3A-7F09-37D4-9A7C-B0C995931FEA} = {45D7CE3A-7F09-37D4-9A7C-B0C995931FEA}
		{655F4767-3B87-3041-B00B-87CFC9412309} = {655F4767-3B87-3041-B00B-87CFC9412309}
	EndProjectSection
EndProject
Project("{8BC9CEB8-8B4A-11D0-8D11-00A0C91BC942}") = "tiff-palette", "contrib\dbs\tiff-palette.vcxproj", "{A9A8E70F-AD25-3EFA-A706-D6CF4319D904}"
	ProjectSection(ProjectDependencies) = postProject
		{97EC94B8-8698-33DC-BF3E-231FE92458BE} = {97EC94B8-8698-33DC-BF3E-231FE92458BE}
		{45D7CE3A-7F09-37D4-9A7C-B0C995931FEA} = {45D7CE3A-7F09-37D4-9A7C-B0C995931FEA}
		{655F4767-3B87-3041-B00B-87CFC9412309} = {655F4767-3B87-3041-B00B-87CFC9412309}
	EndProjectSection
EndProject
Project("{8BC9CEB8-8B4A-11D0-8D11-00A0C91BC942}") = "tiff-rgb", "contrib\dbs\tiff-rgb.vcxproj", "{1D013776-26B4-3ACE-ADF1-360D50AFD6A5}"
	ProjectSection(ProjectDependencies) = postProject
		{97EC94B8-8698-33DC-BF3E-231FE92458BE} = {97EC94B8-8698-33DC-BF3E-231FE92458BE}
		{45D7CE3A-7F09-37D4-9A7C-B0C995931FEA} = {45D7CE3A-7F09-37D4-9A7C-B0C995931FEA}
		{655F4767-3B87-3041-B00B-87CFC9412309} = {655F4767-3B87-3041-B00B-87CFC9412309}
	EndProjectSection
EndProject
Project("{8BC9CEB8-8B4A-11D0-8D11-00A0C91BC942}") = "tiff_faxtable", "libtiff\tiff_faxtable.vcxproj", "{D6137D13-83FA-3D59-89D2-94310DB729C3}"
	ProjectSection(ProjectDependencies) = postProject
		{97EC94B8-8698-33DC-BF3E-231FE92458BE} = {97EC94B8-8698-33DC-BF3E-231FE92458BE}
		{53585458-40EB-34F4-AB88-D85D8C80683C} = {53585458-40EB-34F4-AB88-D85D8C80683C}
	EndProjectSection
EndProject
Project("{8BC9CEB8-8B4A-11D0-8D11-00A0C91BC942}") = "tiff_mkg3states", "libtiff\tiff_mkg3states.vcxproj", "{53585458-40EB-34F4-AB88-D85D8C80683C}"
	ProjectSection(ProjectDependencies) = postProject
		{97EC94B8-8698-33DC-BF3E-231FE92458BE} = {97EC94B8-8698-33DC-BF3E-231FE92458BE}
		{45D7CE3A-7F09-37D4-9A7C-B0C995931FEA} = {45D7CE3A-7F09-37D4-9A7C-B0C995931FEA}
		{655F4767-3B87-3041-B00B-87CFC9412309} = {655F4767-3B87-3041-B00B-87CFC9412309}
	EndProjectSection
EndProject
Project("{8BC9CEB8-8B4A-11D0-8D11-00A0C91BC942}") = "tiff_port", "port\tiff_port.vcxproj", "{655F4767-3B87-3041-B00B-87CFC9412309}"
	ProjectSection(ProjectDependencies) = postProject
		{97EC94B8-8698-33DC-BF3E-231FE92458BE} = {97EC94B8-8698-33DC-BF3E-231FE92458BE}
	EndProjectSection
EndProject
Project("{8BC9CEB8-8B4A-11D0-8D11-00A0C91BC942}") = "tiff_release", "tiff_release.vcxproj", "{91F6E0FA-2AF3-3D6C-9FE5-E35322CBB386}"
	ProjectSection(ProjectDependencies) = postProject
		{97EC94B8-8698-33DC-BF3E-231FE92458BE} = {97EC94B8-8698-33DC-BF3E-231FE92458BE}
	EndProjectSection
EndProject
Project("{8BC9CEB8-8B4A-11D0-8D11-00A0C91BC942}") = "tiffcp", "tools\tiffcp.vcxproj", "{A2282AAB-6A20-3D37-A494-8AEC3DF78339}"
	ProjectSection(ProjectDependencies) = postProject
		{97EC94B8-8698-33DC-BF3E-231FE92458BE} = {97EC94B8-8698-33DC-BF3E-231FE92458BE}
		{45D7CE3A-7F09-37D4-9A7C-B0C995931FEA} = {45D7CE3A-7F09-37D4-9A7C-B0C995931FEA}
		{655F4767-3B87-3041-B00B-87CFC9412309} = {655F4767-3B87-3041-B00B-87CFC9412309}
	EndProjectSection
EndProject
Project("{8BC9CEB8-8B4A-11D0-8D11-00A0C91BC942}") = "tiffdump", "tools\tiffdump.vcxproj", "{41C0F90C-9760-3169-A95D-A3D7CA09F8A5}"
	ProjectSection(ProjectDependencies) = postProject
		{97EC94B8-8698-33DC-BF3E-231FE92458BE} = {97EC94B8-8698-33DC-BF3E-231FE92458BE}
		{45D7CE3A-7F09-37D4-9A7C-B0C995931FEA} = {45D7CE3A-7F09-37D4-9A7C-B0C995931FEA}
		{655F4767-3B87-3041-B00B-87CFC9412309} = {655F4767-3B87-3041-B00B-87CFC9412309}
	EndProjectSection
EndProject
Project("{8BC9CEB8-8B4A-11D0-8D11-00A0C91BC942}") = "tiffinfo", "tools\tiffinfo.vcxproj", "{079A0171-0943-3A54-8613-433BB856B379}"
	ProjectSection(ProjectDependencies) = postProject
		{97EC94B8-8698-33DC-BF3E-231FE92458BE} = {97EC94B8-8698-33DC-BF3E-231FE92458BE}
		{45D7CE3A-7F09-37D4-9A7C-B0C995931FEA} = {45D7CE3A-7F09-37D4-9A7C-B0C995931FEA}
		{655F4767-3B87-3041-B00B-87CFC9412309} = {655F4767-3B87-3041-B00B-87CFC9412309}
	EndProjectSection
EndProject
Project("{8BC9CEB8-8B4A-11D0-8D11-00A0C91BC942}") = "tiffset", "tools\tiffset.vcxproj", "{4784A092-B73B-31EC-93FE-0F861365859C}"
	ProjectSection(ProjectDependencies) = postProject
		{97EC94B8-8698-33DC-BF3E-231FE92458BE} = {97EC94B8-8698-33DC-BF3E-231FE92458BE}
		{45D7CE3A-7F09-37D4-9A7C-B0C995931FEA} = {45D7CE3A-7F09-37D4-9A7C-B0C995931FEA}
		{655F4767-3B87-3041-B00B-87CFC9412309} = {655F4767-3B87-3041-B00B-87CFC9412309}
	EndProjectSection
EndProject
Project("{8BC9CEB8-8B4A-11D0-8D11-00A0C91BC942}") = "tiffsplit", "tools\tiffsplit.vcxproj", "{8A0B0297-12BB-31A9-8459-7B821D85EA1E}"
	ProjectSection(ProjectDependencies) = postProject
		{97EC94B8-8698-33DC-BF3E-231FE92458BE} = {97EC94B8-8698-33DC-BF3E-231FE92458BE}
		{45D7CE3A-7F09-37D4-9A7C-B0C995931FEA} = {45D7CE3A-7F09-37D4-9A7C-B0C995931FEA}
		{655F4767-3B87-3041-B00B-87CFC9412309} = {655F4767-3B87-3041-B00B-87CFC9412309}
	EndProjectSection
EndProject
Project("{8BC9CEB8-8B4A-11D0-8D11-00A0C91BC942}") = "tiffxx", "libtiff\tiffxx.vcxproj", "{6257A54A-012D-331C-B860-17C251B58B6F}"
	ProjectSection(ProjectDependencies) = postProject
		{97EC94B8-8698-33DC-BF3E-231FE92458BE} = {97EC94B8-8698-33DC-BF3E-231FE92458BE}
		{45D7CE3A-7F09-37D4-9A7C-B0C995931FEA} = {45D7CE3A-7F09-37D4-9A7C-B0C995931FEA}
	EndProjectSection
EndProject
Global
	GlobalSection(SolutionConfigurationPlatforms) = preSolution
		Debug|x64 = Debug|x64
		Release|x64 = Release|x64
		MinSizeRel|x64 = MinSizeRel|x64
		RelWithDebInfo|x64 = RelWithDebInfo|x64
	EndGlobalSection
	GlobalSection(ProjectConfigurationPlatforms) = postSolution
		{EBD0C47D-EB3B-33A3-8FF2-9648ACD3DC01}.Debug|x64.ActiveCfg = Debug|x64
		{EBD0C47D-EB3B-33A3-8FF2-9648ACD3DC01}.Debug|x64.Build.0 = Debug|x64
		{EBD0C47D-EB3B-33A3-8FF2-9648ACD3DC01}.Release|x64.ActiveCfg = Release|x64
		{EBD0C47D-EB3B-33A3-8FF2-9648ACD3DC01}.Release|x64.Build.0 = Release|x64
		{EBD0C47D-EB3B-33A3-8FF2-9648ACD3DC01}.MinSizeRel|x64.ActiveCfg = MinSizeRel|x64
		{EBD0C47D-EB3B-33A3-8FF2-9648ACD3DC01}.MinSizeRel|x64.Build.0 = MinSizeRel|x64
		{EBD0C47D-EB3B-33A3-8FF2-9648ACD3DC01}.RelWithDebInfo|x64.ActiveCfg = RelWithDebInfo|x64
		{EBD0C47D-EB3B-33A3-8FF2-9648ACD3DC01}.RelWithDebInfo|x64.Build.0 = RelWithDebInfo|x64
		{04969A48-F7D5-3718-BC15-4FF44E6217AA}.Debug|x64.ActiveCfg = Debug|x64
		{04969A48-F7D5-3718-BC15-4FF44E6217AA}.Release|x64.ActiveCfg = Release|x64
		{04969A48-F7D5-3718-BC15-4FF44E6217AA}.MinSizeRel|x64.ActiveCfg = MinSizeRel|x64
		{04969A48-F7D5-3718-BC15-4FF44E6217AA}.RelWithDebInfo|x64.ActiveCfg = RelWithDebInfo|x64
		{B439C98E-1446-3C2A-AA5B-D35500E21376}.Debug|x64.ActiveCfg = Debug|x64
		{B439C98E-1446-3C2A-AA5B-D35500E21376}.Release|x64.ActiveCfg = Release|x64
		{B439C98E-1446-3C2A-AA5B-D35500E21376}.MinSizeRel|x64.ActiveCfg = MinSizeRel|x64
		{B439C98E-1446-3C2A-AA5B-D35500E21376}.RelWithDebInfo|x64.ActiveCfg = RelWithDebInfo|x64
		{97EC94B8-8698-33DC-BF3E-231FE92458BE}.Debug|x64.ActiveCfg = Debug|x64
		{97EC94B8-8698-33DC-BF3E-231FE92458BE}.Debug|x64.Build.0 = Debug|x64
		{97EC94B8-8698-33DC-BF3E-231FE92458BE}.Release|x64.ActiveCfg = Release|x64
		{97EC94B8-8698-33DC-BF3E-231FE92458BE}.Release|x64.Build.0 = Release|x64
		{97EC94B8-8698-33DC-BF3E-231FE92458BE}.MinSizeRel|x64.ActiveCfg = MinSizeRel|x64
		{97EC94B8-8698-33DC-BF3E-231FE92458BE}.MinSizeRel|x64.Build.0 = MinSizeRel|x64
		{97EC94B8-8698-33DC-BF3E-231FE92458BE}.RelWithDebInfo|x64.ActiveCfg = RelWithDebInfo|x64
		{97EC94B8-8698-33DC-BF3E-231FE92458BE}.RelWithDebInfo|x64.Build.0 = RelWithDebInfo|x64
		{EF3EBDCC-D438-32E0-97CD-8F39C3FE838E}.Debug|x64.ActiveCfg = Debug|x64
		{EF3EBDCC-D438-32E0-97CD-8F39C3FE838E}.Debug|x64.Build.0 = Debug|x64
		{EF3EBDCC-D438-32E0-97CD-8F39C3FE838E}.Release|x64.ActiveCfg = Release|x64
		{EF3EBDCC-D438-32E0-97CD-8F39C3FE838E}.Release|x64.Build.0 = Release|x64
		{EF3EBDCC-D438-32E0-97CD-8F39C3FE838E}.MinSizeRel|x64.ActiveCfg = MinSizeRel|x64
		{EF3EBDCC-D438-32E0-97CD-8F39C3FE838E}.MinSizeRel|x64.Build.0 = MinSizeRel|x64
		{EF3EBDCC-D438-32E0-97CD-8F39C3FE838E}.RelWithDebInfo|x64.ActiveCfg = RelWithDebInfo|x64
		{EF3EBDCC-D438-32E0-97CD-8F39C3FE838E}.RelWithDebInfo|x64.Build.0 = RelWithDebInfo|x64
		{A1353EAF-BD43-33E5-BC05-940639BD4320}.Debug|x64.ActiveCfg = Debug|x64
		{A1353EAF-BD43-33E5-BC05-940639BD4320}.Debug|x64.Build.0 = Debug|x64
		{A1353EAF-BD43-33E5-BC05-940639BD4320}.Release|x64.ActiveCfg = Release|x64
		{A1353EAF-BD43-33E5-BC05-940639BD4320}.Release|x64.Build.0 = Release|x64
		{A1353EAF-BD43-33E5-BC05-940639BD4320}.MinSizeRel|x64.ActiveCfg = MinSizeRel|x64
		{A1353EAF-BD43-33E5-BC05-940639BD4320}.MinSizeRel|x64.Build.0 = MinSizeRel|x64
		{A1353EAF-BD43-33E5-BC05-940639BD4320}.RelWithDebInfo|x64.ActiveCfg = RelWithDebInfo|x64
		{A1353EAF-BD43-33E5-BC05-940639BD4320}.RelWithDebInfo|x64.Build.0 = RelWithDebInfo|x64
		{EE4DAB2B-D4AA-3770-B10E-53458865F54F}.Debug|x64.ActiveCfg = Debug|x64
		{EE4DAB2B-D4AA-3770-B10E-53458865F54F}.Debug|x64.Build.0 = Debug|x64
		{EE4DAB2B-D4AA-3770-B10E-53458865F54F}.Release|x64.ActiveCfg = Release|x64
		{EE4DAB2B-D4AA-3770-B10E-53458865F54F}.Release|x64.Build.0 = Release|x64
		{EE4DAB2B-D4AA-3770-B10E-53458865F54F}.MinSizeRel|x64.ActiveCfg = MinSizeRel|x64
		{EE4DAB2B-D4AA-3770-B10E-53458865F54F}.MinSizeRel|x64.Build.0 = MinSizeRel|x64
		{EE4DAB2B-D4AA-3770-B10E-53458865F54F}.RelWithDebInfo|x64.ActiveCfg = RelWithDebInfo|x64
		{EE4DAB2B-D4AA-3770-B10E-53458865F54F}.RelWithDebInfo|x64.Build.0 = RelWithDebInfo|x64
		{45B0A4D5-7BA4-3793-B5D6-D51E59EC22A4}.Debug|x64.ActiveCfg = Debug|x64
		{45B0A4D5-7BA4-3793-B5D6-D51E59EC22A4}.Debug|x64.Build.0 = Debug|x64
		{45B0A4D5-7BA4-3793-B5D6-D51E59EC22A4}.Release|x64.ActiveCfg = Release|x64
		{45B0A4D5-7BA4-3793-B5D6-D51E59EC22A4}.Release|x64.Build.0 = Release|x64
		{45B0A4D5-7BA4-3793-B5D6-D51E59EC22A4}.MinSizeRel|x64.ActiveCfg = MinSizeRel|x64
		{45B0A4D5-7BA4-3793-B5D6-D51E59EC22A4}.MinSizeRel|x64.Build.0 = MinSizeRel|x64
		{45B0A4D5-7BA4-3793-B5D6-D51E59EC22A4}.RelWithDebInfo|x64.ActiveCfg = RelWithDebInfo|x64
		{45B0A4D5-7BA4-3793-B5D6-D51E59EC22A4}.RelWithDebInfo|x64.Build.0 = RelWithDebInfo|x64
		{8CCDDB5B-E6CC-3814-BA6A-39F1006D5F25}.Debug|x64.ActiveCfg = Debug|x64
		{8CCDDB5B-E6CC-3814-BA6A-39F1006D5F25}.Debug|x64.Build.0 = Debug|x64
		{8CCDDB5B-E6CC-3814-BA6A-39F1006D5F25}.Release|x64.ActiveCfg = Release|x64
		{8CCDDB5B-E6CC-3814-BA6A-39F1006D5F25}.Release|x64.Build.0 = Release|x64
		{8CCDDB5B-E6CC-3814-BA6A-39F1006D5F25}.MinSizeRel|x64.ActiveCfg = MinSizeRel|x64
		{8CCDDB5B-E6CC-3814-BA6A-39F1006D5F25}.MinSizeRel|x64.Build.0 = MinSizeRel|x64
		{8CCDDB5B-E6CC-3814-BA6A-39F1006D5F25}.RelWithDebInfo|x64.ActiveCfg = RelWithDebInfo|x64
		{8CCDDB5B-E6CC-3814-BA6A-39F1006D5F25}.RelWithDebInfo|x64.Build.0 = RelWithDebInfo|x64
		{F10D1007-E4DE-32FE-A361-F8F950141554}.Debug|x64.ActiveCfg = Debug|x64
		{F10D1007-E4DE-32FE-A361-F8F950141554}.Debug|x64.Build.0 = Debug|x64
		{F10D1007-E4DE-32FE-A361-F8F950141554}.Release|x64.ActiveCfg = Release|x64
		{F10D1007-E4DE-32FE-A361-F8F950141554}.Release|x64.Build.0 = Release|x64
		{F10D1007-E4DE-32FE-A361-F8F950141554}.MinSizeRel|x64.ActiveCfg = MinSizeRel|x64
		{F10D1007-E4DE-32FE-A361-F8F950141554}.MinSizeRel|x64.Build.0 = MinSizeRel|x64
		{F10D1007-E4DE-32FE-A361-F8F950141554}.RelWithDebInfo|x64.ActiveCfg = RelWithDebInfo|x64
		{F10D1007-E4DE-32FE-A361-F8F950141554}.RelWithDebInfo|x64.Build.0 = RelWithDebInfo|x64
		{86E97AFD-06E4-383D-8693-D50B6DE6EA1E}.Debug|x64.ActiveCfg = Debug|x64
		{86E97AFD-06E4-383D-8693-D50B6DE6EA1E}.Debug|x64.Build.0 = Debug|x64
		{86E97AFD-06E4-383D-8693-D50B6DE6EA1E}.Release|x64.ActiveCfg = Release|x64
		{86E97AFD-06E4-383D-8693-D50B6DE6EA1E}.Release|x64.Build.0 = Release|x64
		{86E97AFD-06E4-383D-8693-D50B6DE6EA1E}.MinSizeRel|x64.ActiveCfg = MinSizeRel|x64
		{86E97AFD-06E4-383D-8693-D50B6DE6EA1E}.MinSizeRel|x64.Build.0 = MinSizeRel|x64
		{86E97AFD-06E4-383D-8693-D50B6DE6EA1E}.RelWithDebInfo|x64.ActiveCfg = RelWithDebInfo|x64
		{86E97AFD-06E4-383D-8693-D50B6DE6EA1E}.RelWithDebInfo|x64.Build.0 = RelWithDebInfo|x64
		{CDA521E9-FCC4-31C9-B487-B84E2285A8BD}.Debug|x64.ActiveCfg = Debug|x64
		{CDA521E9-FCC4-31C9-B487-B84E2285A8BD}.Debug|x64.Build.0 = Debug|x64
		{CDA521E9-FCC4-31C9-B487-B84E2285A8BD}.Release|x64.ActiveCfg = Release|x64
		{CDA521E9-FCC4-31C9-B487-B84E2285A8BD}.Release|x64.Build.0 = Release|x64
		{CDA521E9-FCC4-31C9-B487-B84E2285A8BD}.MinSizeRel|x64.ActiveCfg = MinSizeRel|x64
		{CDA521E9-FCC4-31C9-B487-B84E2285A8BD}.MinSizeRel|x64.Build.0 = MinSizeRel|x64
		{CDA521E9-FCC4-31C9-B487-B84E2285A8BD}.RelWithDebInfo|x64.ActiveCfg = RelWithDebInfo|x64
		{CDA521E9-FCC4-31C9-B487-B84E2285A8BD}.RelWithDebInfo|x64.Build.0 = RelWithDebInfo|x64
		{7457F9EE-FACD-3FF4-BD45-8C29929C1486}.Debug|x64.ActiveCfg = Debug|x64
		{7457F9EE-FACD-3FF4-BD45-8C29929C1486}.Debug|x64.Build.0 = Debug|x64
		{7457F9EE-FACD-3FF4-BD45-8C29929C1486}.Release|x64.ActiveCfg = Release|x64
		{7457F9EE-FACD-3FF4-BD45-8C29929C1486}.Release|x64.Build.0 = Release|x64
		{7457F9EE-FACD-3FF4-BD45-8C29929C1486}.MinSizeRel|x64.ActiveCfg = MinSizeRel|x64
		{7457F9EE-FACD-3FF4-BD45-8C29929C1486}.MinSizeRel|x64.Build.0 = MinSizeRel|x64
		{7457F9EE-FACD-3FF4-BD45-8C29929C1486}.RelWithDebInfo|x64.ActiveCfg = RelWithDebInfo|x64
		{7457F9EE-FACD-3FF4-BD45-8C29929C1486}.RelWithDebInfo|x64.Build.0 = RelWithDebInfo|x64
		{1DC82F0A-3919-3D49-9F66-A5CD972BA40B}.Debug|x64.ActiveCfg = Debug|x64
		{1DC82F0A-3919-3D49-9F66-A5CD972BA40B}.Debug|x64.Build.0 = Debug|x64
		{1DC82F0A-3919-3D49-9F66-A5CD972BA40B}.Release|x64.ActiveCfg = Release|x64
		{1DC82F0A-3919-3D49-9F66-A5CD972BA40B}.Release|x64.Build.0 = Release|x64
		{1DC82F0A-3919-3D49-9F66-A5CD972BA40B}.MinSizeRel|x64.ActiveCfg = MinSizeRel|x64
		{1DC82F0A-3919-3D49-9F66-A5CD972BA40B}.MinSizeRel|x64.Build.0 = MinSizeRel|x64
		{1DC82F0A-3919-3D49-9F66-A5CD972BA40B}.RelWithDebInfo|x64.ActiveCfg = RelWithDebInfo|x64
		{1DC82F0A-3919-3D49-9F66-A5CD972BA40B}.RelWithDebInfo|x64.Build.0 = RelWithDebInfo|x64
		{A6268468-44A5-33E7-8775-030632DB49A3}.Debug|x64.ActiveCfg = Debug|x64
		{A6268468-44A5-33E7-8775-030632DB49A3}.Debug|x64.Build.0 = Debug|x64
		{A6268468-44A5-33E7-8775-030632DB49A3}.Release|x64.ActiveCfg = Release|x64
		{A6268468-44A5-33E7-8775-030632DB49A3}.Release|x64.Build.0 = Release|x64
		{A6268468-44A5-33E7-8775-030632DB49A3}.MinSizeRel|x64.ActiveCfg = MinSizeRel|x64
		{A6268468-44A5-33E7-8775-030632DB49A3}.MinSizeRel|x64.Build.0 = MinSizeRel|x64
		{A6268468-44A5-33E7-8775-030632DB49A3}.RelWithDebInfo|x64.ActiveCfg = RelWithDebInfo|x64
		{A6268468-44A5-33E7-8775-030632DB49A3}.RelWithDebInfo|x64.Build.0 = RelWithDebInfo|x64
		{8783D927-A70D-3C01-91E8-46A86B97C095}.Debug|x64.ActiveCfg = Debug|x64
		{8783D927-A70D-3C01-91E8-46A86B97C095}.Debug|x64.Build.0 = Debug|x64
		{8783D927-A70D-3C01-91E8-46A86B97C095}.Release|x64.ActiveCfg = Release|x64
		{8783D927-A70D-3C01-91E8-46A86B97C095}.Release|x64.Build.0 = Release|x64
		{8783D927-A70D-3C01-91E8-46A86B97C095}.MinSizeRel|x64.ActiveCfg = MinSizeRel|x64
		{8783D927-A70D-3C01-91E8-46A86B97C095}.MinSizeRel|x64.Build.0 = MinSizeRel|x64
		{8783D927-A70D-3C01-91E8-46A86B97C095}.RelWithDebInfo|x64.ActiveCfg = RelWithDebInfo|x64
		{8783D927-A70D-3C01-91E8-46A86B97C095}.RelWithDebInfo|x64.Build.0 = RelWithDebInfo|x64
		{38EC1904-01B7-33A3-88F0-48F451306896}.Debug|x64.ActiveCfg = Debug|x64
		{38EC1904-01B7-33A3-88F0-48F451306896}.Debug|x64.Build.0 = Debug|x64
		{38EC1904-01B7-33A3-88F0-48F451306896}.Release|x64.ActiveCfg = Release|x64
		{38EC1904-01B7-33A3-88F0-48F451306896}.Release|x64.Build.0 = Release|x64
		{38EC1904-01B7-33A3-88F0-48F451306896}.MinSizeRel|x64.ActiveCfg = MinSizeRel|x64
		{38EC1904-01B7-33A3-88F0-48F451306896}.MinSizeRel|x64.Build.0 = MinSizeRel|x64
		{38EC1904-01B7-33A3-88F0-48F451306896}.RelWithDebInfo|x64.ActiveCfg = RelWithDebInfo|x64
		{38EC1904-01B7-33A3-88F0-48F451306896}.RelWithDebInfo|x64.Build.0 = RelWithDebInfo|x64
		{2CB54667-D4F5-36E6-860B-A3583FEFAB73}.Debug|x64.ActiveCfg = Debug|x64
		{2CB54667-D4F5-36E6-860B-A3583FEFAB73}.Debug|x64.Build.0 = Debug|x64
		{2CB54667-D4F5-36E6-860B-A3583FEFAB73}.Release|x64.ActiveCfg = Release|x64
		{2CB54667-D4F5-36E6-860B-A3583FEFAB73}.Release|x64.Build.0 = Release|x64
		{2CB54667-D4F5-36E6-860B-A3583FEFAB73}.MinSizeRel|x64.ActiveCfg = MinSizeRel|x64
		{2CB54667-D4F5-36E6-860B-A3583FEFAB73}.MinSizeRel|x64.Build.0 = MinSizeRel|x64
		{2CB54667-D4F5-36E6-860B-A3583FEFAB73}.RelWithDebInfo|x64.ActiveCfg = RelWithDebInfo|x64
		{2CB54667-D4F5-36E6-860B-A3583FEFAB73}.RelWithDebInfo|x64.Build.0 = RelWithDebInfo|x64
		{C98962D7-D534-3717-A172-12BEF30F3442}.Debug|x64.ActiveCfg = Debug|x64
		{C98962D7-D534-3717-A172-12BEF30F3442}.Debug|x64.Build.0 = Debug|x64
		{C98962D7-D534-3717-A172-12BEF30F3442}.Release|x64.ActiveCfg = Release|x64
		{C98962D7-D534-3717-A172-12BEF30F3442}.Release|x64.Build.0 = Release|x64
		{C98962D7-D534-3717-A172-12BEF30F3442}.MinSizeRel|x64.ActiveCfg = MinSizeRel|x64
		{C98962D7-D534-3717-A172-12BEF30F3442}.MinSizeRel|x64.Build.0 = MinSizeRel|x64
		{C98962D7-D534-3717-A172-12BEF30F3442}.RelWithDebInfo|x64.ActiveCfg = RelWithDebInfo|x64
		{C98962D7-D534-3717-A172-12BEF30F3442}.RelWithDebInfo|x64.Build.0 = RelWithDebInfo|x64
		{B15B4966-3966-331B-A4BD-9C838E658ECD}.Debug|x64.ActiveCfg = Debug|x64
		{B15B4966-3966-331B-A4BD-9C838E658ECD}.Debug|x64.Build.0 = Debug|x64
		{B15B4966-3966-331B-A4BD-9C838E658ECD}.Release|x64.ActiveCfg = Release|x64
		{B15B4966-3966-331B-A4BD-9C838E658ECD}.Release|x64.Build.0 = Release|x64
		{B15B4966-3966-331B-A4BD-9C838E658ECD}.MinSizeRel|x64.ActiveCfg = MinSizeRel|x64
		{B15B4966-3966-331B-A4BD-9C838E658ECD}.MinSizeRel|x64.Build.0 = MinSizeRel|x64
		{B15B4966-3966-331B-A4BD-9C838E658ECD}.RelWithDebInfo|x64.ActiveCfg = RelWithDebInfo|x64
		{B15B4966-3966-331B-A4BD-9C838E658ECD}.RelWithDebInfo|x64.Build.0 = RelWithDebInfo|x64
		{C4D6B02E-6B7C-3D50-87E1-0F160B507C1E}.Debug|x64.ActiveCfg = Debug|x64
		{C4D6B02E-6B7C-3D50-87E1-0F160B507C1E}.Debug|x64.Build.0 = Debug|x64
		{C4D6B02E-6B7C-3D50-87E1-0F160B507C1E}.Release|x64.ActiveCfg = Release|x64
		{C4D6B02E-6B7C-3D50-87E1-0F160B507C1E}.Release|x64.Build.0 = Release|x64
		{C4D6B02E-6B7C-3D50-87E1-0F160B507C1E}.MinSizeRel|x64.ActiveCfg = MinSizeRel|x64
		{C4D6B02E-6B7C-3D50-87E1-0F160B507C1E}.MinSizeRel|x64.Build.0 = MinSizeRel|x64
		{C4D6B02E-6B7C-3D50-87E1-0F160B507C1E}.RelWithDebInfo|x64.ActiveCfg = RelWithDebInfo|x64
		{C4D6B02E-6B7C-3D50-87E1-0F160B507C1E}.RelWithDebInfo|x64.Build.0 = RelWithDebInfo|x64
		{45D7CE3A-7F09-37D4-9A7C-B0C995931FEA}.Debug|x64.ActiveCfg = Debug|x64
		{45D7CE3A-7F09-37D4-9A7C-B0C995931FEA}.Debug|x64.Build.0 = Debug|x64
		{45D7CE3A-7F09-37D4-9A7C-B0C995931FEA}.Release|x64.ActiveCfg = Release|x64
		{45D7CE3A-7F09-37D4-9A7C-B0C995931FEA}.Release|x64.Build.0 = Release|x64
		{45D7CE3A-7F09-37D4-9A7C-B0C995931FEA}.MinSizeRel|x64.ActiveCfg = MinSizeRel|x64
		{45D7CE3A-7F09-37D4-9A7C-B0C995931FEA}.MinSizeRel|x64.Build.0 = MinSizeRel|x64
		{45D7CE3A-7F09-37D4-9A7C-B0C995931FEA}.RelWithDebInfo|x64.ActiveCfg = RelWithDebInfo|x64
		{45D7CE3A-7F09-37D4-9A7C-B0C995931FEA}.RelWithDebInfo|x64.Build.0 = RelWithDebInfo|x64
		{9986A161-D64B-3315-8FBC-3C05DA73EF6D}.Debug|x64.ActiveCfg = Debug|x64
		{9986A161-D64B-3315-8FBC-3C05DA73EF6D}.Debug|x64.Build.0 = Debug|x64
		{9986A161-D64B-3315-8FBC-3C05DA73EF6D}.Release|x64.ActiveCfg = Release|x64
		{9986A161-D64B-3315-8FBC-3C05DA73EF6D}.Release|x64.Build.0 = Release|x64
		{9986A161-D64B-3315-8FBC-3C05DA73EF6D}.MinSizeRel|x64.ActiveCfg = MinSizeRel|x64
		{9986A161-D64B-3315-8FBC-3C05DA73EF6D}.MinSizeRel|x64.Build.0 = MinSizeRel|x64
		{9986A161-D64B-3315-8FBC-3C05DA73EF6D}.RelWithDebInfo|x64.ActiveCfg = RelWithDebInfo|x64
		{9986A161-D64B-3315-8FBC-3C05DA73EF6D}.RelWithDebInfo|x64.Build.0 = RelWithDebInfo|x64
		{B72D1227-C028-3E4C-A61D-39E1CA36B26D}.Debug|x64.ActiveCfg = Debug|x64
		{B72D1227-C028-3E4C-A61D-39E1CA36B26D}.Debug|x64.Build.0 = Debug|x64
		{B72D1227-C028-3E4C-A61D-39E1CA36B26D}.Release|x64.ActiveCfg = Release|x64
		{B72D1227-C028-3E4C-A61D-39E1CA36B26D}.Release|x64.Build.0 = Release|x64
		{B72D1227-C028-3E4C-A61D-39E1CA36B26D}.MinSizeRel|x64.ActiveCfg = MinSizeRel|x64
		{B72D1227-C028-3E4C-A61D-39E1CA36B26D}.MinSizeRel|x64.Build.0 = MinSizeRel|x64
		{B72D1227-C028-3E4C-A61D-39E1CA36B26D}.RelWithDebInfo|x64.ActiveCfg = RelWithDebInfo|x64
		{B72D1227-C028-3E4C-A61D-39E1CA36B26D}.RelWithDebInfo|x64.Build.0 = RelWithDebInfo|x64
		{A9A8E70F-AD25-3EFA-A706-D6CF4319D904}.Debug|x64.ActiveCfg = Debug|x64
		{A9A8E70F-AD25-3EFA-A706-D6CF4319D904}.Debug|x64.Build.0 = Debug|x64
		{A9A8E70F-AD25-3EFA-A706-D6CF4319D904}.Release|x64.ActiveCfg = Release|x64
		{A9A8E70F-AD25-3EFA-A706-D6CF4319D904}.Release|x64.Build.0 = Release|x64
		{A9A8E70F-AD25-3EFA-A706-D6CF4319D904}.MinSizeRel|x64.ActiveCfg = MinSizeRel|x64
		{A9A8E70F-AD25-3EFA-A706-D6CF4319D904}.MinSizeRel|x64.Build.0 = MinSizeRel|x64
		{A9A8E70F-AD25-3EFA-A706-D6CF4319D904}.RelWithDebInfo|x64.ActiveCfg = RelWithDebInfo|x64
		{A9A8E70F-AD25-3EFA-A706-D6CF4319D904}.RelWithDebInfo|x64.Build.0 = RelWithDebInfo|x64
		{1D013776-26B4-3ACE-ADF1-360D50AFD6A5}.Debug|x64.ActiveCfg = Debug|x64
		{1D013776-26B4-3ACE-ADF1-360D50AFD6A5}.Debug|x64.Build.0 = Debug|x64
		{1D013776-26B4-3ACE-ADF1-360D50AFD6A5}.Release|x64.ActiveCfg = Release|x64
		{1D013776-26B4-3ACE-ADF1-360D50AFD6A5}.Release|x64.Build.0 = Release|x64
		{1D013776-26B4-3ACE-ADF1-360D50AFD6A5}.MinSizeRel|x64.ActiveCfg = MinSizeRel|x64
		{1D013776-26B4-3ACE-ADF1-360D50AFD6A5}.MinSizeRel|x64.Build.0 = MinSizeRel|x64
		{1D013776-26B4-3ACE-ADF1-360D50AFD6A5}.RelWithDebInfo|x64.ActiveCfg = RelWithDebInfo|x64
		{1D013776-26B4-3ACE-ADF1-360D50AFD6A5}.RelWithDebInfo|x64.Build.0 = RelWithDebInfo|x64
		{D6137D13-83FA-3D59-89D2-94310DB729C3}.Debug|x64.ActiveCfg = Debug|x64
		{D6137D13-83FA-3D59-89D2-94310DB729C3}.Release|x64.ActiveCfg = Release|x64
		{D6137D13-83FA-3D59-89D2-94310DB729C3}.MinSizeRel|x64.ActiveCfg = MinSizeRel|x64
		{D6137D13-83FA-3D59-89D2-94310DB729C3}.RelWithDebInfo|x64.ActiveCfg = RelWithDebInfo|x64
		{53585458-40EB-34F4-AB88-D85D8C80683C}.Debug|x64.ActiveCfg = Debug|x64
		{53585458-40EB-34F4-AB88-D85D8C80683C}.Debug|x64.Build.0 = Debug|x64
		{53585458-40EB-34F4-AB88-D85D8C80683C}.Release|x64.ActiveCfg = Release|x64
		{53585458-40EB-34F4-AB88-D85D8C80683C}.Release|x64.Build.0 = Release|x64
		{53585458-40EB-34F4-AB88-D85D8C80683C}.MinSizeRel|x64.ActiveCfg = MinSizeRel|x64
		{53585458-40EB-34F4-AB88-D85D8C80683C}.MinSizeRel|x64.Build.0 = MinSizeRel|x64
		{53585458-40EB-34F4-AB88-D85D8C80683C}.RelWithDebInfo|x64.ActiveCfg = RelWithDebInfo|x64
		{53585458-40EB-34F4-AB88-D85D8C80683C}.RelWithDebInfo|x64.Build.0 = RelWithDebInfo|x64
		{655F4767-3B87-3041-B00B-87CFC9412309}.Debug|x64.ActiveCfg = Debug|x64
		{655F4767-3B87-3041-B00B-87CFC9412309}.Debug|x64.Build.0 = Debug|x64
		{655F4767-3B87-3041-B00B-87CFC9412309}.Release|x64.ActiveCfg = Release|x64
		{655F4767-3B87-3041-B00B-87CFC9412309}.Release|x64.Build.0 = Release|x64
		{655F4767-3B87-3041-B00B-87CFC9412309}.MinSizeRel|x64.ActiveCfg = MinSizeRel|x64
		{655F4767-3B87-3041-B00B-87CFC9412309}.MinSizeRel|x64.Build.0 = MinSizeRel|x64
		{655F4767-3B87-3041-B00B-87CFC9412309}.RelWithDebInfo|x64.ActiveCfg = RelWithDebInfo|x64
		{655F4767-3B87-3041-B00B-87CFC9412309}.RelWithDebInfo|x64.Build.0 = RelWithDebInfo|x64
		{91F6E0FA-2AF3-3D6C-9FE5-E35322CBB386}.Debug|x64.ActiveCfg = Debug|x64
		{91F6E0FA-2AF3-3D6C-9FE5-E35322CBB386}.Release|x64.ActiveCfg = Release|x64
		{91F6E0FA-2AF3-3D6C-9FE5-E35322CBB386}.MinSizeRel|x64.ActiveCfg = MinSizeRel|x64
		{91F6E0FA-2AF3-3D6C-9FE5-E35322CBB386}.RelWithDebInfo|x64.ActiveCfg = RelWithDebInfo|x64
		{A2282AAB-6A20-3D37-A494-8AEC3DF78339}.Debug|x64.ActiveCfg = Debug|x64
		{A2282AAB-6A20-3D37-A494-8AEC3DF78339}.Debug|x64.Build.0 = Debug|x64
		{A2282AAB-6A20-3D37-A494-8AEC3DF78339}.Release|x64.ActiveCfg = Release|x64
		{A2282AAB-6A20-3D37-A494-8AEC3DF78339}.Release|x64.Build.0 = Release|x64
		{A2282AAB-6A20-3D37-A494-8AEC3DF78339}.MinSizeRel|x64.ActiveCfg = MinSizeRel|x64
		{A2282AAB-6A20-3D37-A494-8AEC3DF78339}.MinSizeRel|x64.Build.0 = MinSizeRel|x64
		{A2282AAB-6A20-3D37-A494-8AEC3DF78339}.RelWithDebInfo|x64.ActiveCfg = RelWithDebInfo|x64
		{A2282AAB-6A20-3D37-A494-8AEC3DF78339}.RelWithDebInfo|x64.Build.0 = RelWithDebInfo|x64
		{41C0F90C-9760-3169-A95D-A3D7CA09F8A5}.Debug|x64.ActiveCfg = Debug|x64
		{41C0F90C-9760-3169-A95D-A3D7CA09F8A5}.Debug|x64.Build.0 = Debug|x64
		{41C0F90C-9760-3169-A95D-A3D7CA09F8A5}.Release|x64.ActiveCfg = Release|x64
		{41C0F90C-9760-3169-A95D-A3D7CA09F8A5}.Release|x64.Build.0 = Release|x64
		{41C0F90C-9760-3169-A95D-A3D7CA09F8A5}.MinSizeRel|x64.ActiveCfg = MinSizeRel|x64
		{41C0F90C-9760-3169-A95D-A3D7CA09F8A5}.MinSizeRel|x64.Build.0 = MinSizeRel|x64
		{41C0F90C-9760-3169-A95D-A3D7CA09F8A5}.RelWithDebInfo|x64.ActiveCfg = RelWithDebInfo|x64
		{41C0F90C-9760-3169-A95D-A3D7CA09F8A5}.RelWithDebInfo|x64.Build.0 = RelWithDebInfo|x64
		{079A0171-0943-3A54-8613-433BB856B379}.Debug|x64.ActiveCfg = Debug|x64
		{079A0171-0943-3A54-8613-433BB856B379}.Debug|x64.Build.0 = Debug|x64
		{079A0171-0943-3A54-8613-433BB856B379}.Release|x64.ActiveCfg = Release|x64
		{079A0171-0943-3A54-8613-433BB856B379}.Release|x64.Build.0 = Release|x64
		{079A0171-0943-3A54-8613-433BB856B379}.MinSizeRel|x64.ActiveCfg = MinSizeRel|x64
		{079A0171-0943-3A54-8613-433BB856B379}.MinSizeRel|x64.Build.0 = MinSizeRel|x64
		{079A0171-0943-3A54-8613-433BB856B379}.RelWithDebInfo|x64.ActiveCfg = RelWithDebInfo|x64
		{079A0171-0943-3A54-8613-433BB856B379}.RelWithDebInfo|x64.Build.0 = RelWithDebInfo|x64
		{4784A092-B73B-31EC-93FE-0F861365859C}.Debug|x64.ActiveCfg = Debug|x64
		{4784A092-B73B-31EC-93FE-0F861365859C}.Debug|x64.Build.0 = Debug|x64
		{4784A092-B73B-31EC-93FE-0F861365859C}.Release|x64.ActiveCfg = Release|x64
		{4784A092-B73B-31EC-93FE-0F861365859C}.Release|x64.Build.0 = Release|x64
		{4784A092-B73B-31EC-93FE-0F861365859C}.MinSizeRel|x64.ActiveCfg = MinSizeRel|x64
		{4784A092-B73B-31EC-93FE-0F861365859C}.MinSizeRel|x64.Build.0 = MinSizeRel|x64
		{4784A092-B73B-31EC-93FE-0F861365859C}.RelWithDebInfo|x64.ActiveCfg = RelWithDebInfo|x64
		{4784A092-B73B-31EC-93FE-0F861365859C}.RelWithDebInfo|x64.Build.0 = RelWithDebInfo|x64
		{8A0B0297-12BB-31A9-8459-7B821D85EA1E}.Debug|x64.ActiveCfg = Debug|x64
		{8A0B0297-12BB-31A9-8459-7B821D85EA1E}.Debug|x64.Build.0 = Debug|x64
		{8A0B0297-12BB-31A9-8459-7B821D85EA1E}.Release|x64.ActiveCfg = Release|x64
		{8A0B0297-12BB-31A9-8459-7B821D85EA1E}.Release|x64.Build.0 = Release|x64
		{8A0B0297-12BB-31A9-8459-7B821D85EA1E}.MinSizeRel|x64.ActiveCfg = MinSizeRel|x64
		{8A0B0297-12BB-31A9-8459-7B821D85EA1E}.MinSizeRel|x64.Build.0 = MinSizeRel|x64
		{8A0B0297-12BB-31A9-8459-7B821D85EA1E}.RelWithDebInfo|x64.ActiveCfg = RelWithDebInfo|x64
		{8A0B0297-12BB-31A9-8459-7B821D85EA1E}.RelWithDebInfo|x64.Build.0 = RelWithDebInfo|x64
		{6257A54A-012D-331C-B860-17C251B58B6F}.Debug|x64.ActiveCfg = Debug|x64
		{6257A54A-012D-331C-B860-17C251B58B6F}.Debug|x64.Build.0 = Debug|x64
		{6257A54A-012D-331C-B860-17C251B58B6F}.Release|x64.ActiveCfg = Release|x64
		{6257A54A-012D-331C-B860-17C251B58B6F}.Release|x64.Build.0 = Release|x64
		{6257A54A-012D-331C-B860-17C251B58B6F}.MinSizeRel|x64.ActiveCfg = MinSizeRel|x64
		{6257A54A-012D-331C-B860-17C251B58B6F}.MinSizeRel|x64.Build.0 = MinSizeRel|x64
		{6257A54A-012D-331C-B860-17C251B58B6F}.RelWithDebInfo|x64.ActiveCfg = RelWithDebInfo|x64
		{6257A54A-012D-331C-B860-17C251B58B6F}.RelWithDebInfo|x64.Build.0 = RelWithDebInfo|x64
	EndGlobalSection
	GlobalSection(ExtensibilityGlobals) = postSolution
		SolutionGuid = {76B0289E-B0B0-3504-B91E-AB7893F61E6D}
	EndGlobalSection
	GlobalSection(ExtensibilityAddIns) = postSolution
	EndGlobalSection
EndGlobal
